// !$*UTF8*$!
{
	archiveVersion = 1;
	classes = {
	};
	objectVersion = 46;
	objects = {

/* Begin PBXBuildFile section */
		F560E3B61BD7514900B893DA /* AppDelegate.swift in Sources */ = {isa = PBXBuildFile; fileRef = F560E3B51BD7514900B893DA /* AppDelegate.swift */; };
		F560E3B91BD7514900B893DA /* FlickrViewer.xcdatamodeld in Sources */ = {isa = PBXBuildFile; fileRef = F560E3B71BD7514900B893DA /* FlickrViewer.xcdatamodeld */; };
		F560E3BB1BD7514900B893DA /* ViewController.swift in Sources */ = {isa = PBXBuildFile; fileRef = F560E3BA1BD7514900B893DA /* ViewController.swift */; };
		F560E3BE1BD7514900B893DA /* Main.storyboard in Resources */ = {isa = PBXBuildFile; fileRef = F560E3BC1BD7514900B893DA /* Main.storyboard */; };
		F560E3C01BD7514900B893DA /* Images.xcassets in Resources */ = {isa = PBXBuildFile; fileRef = F560E3BF1BD7514900B893DA /* Images.xcassets */; };
		F560E3C31BD7514900B893DA /* LaunchScreen.xib in Resources */ = {isa = PBXBuildFile; fileRef = F560E3C11BD7514900B893DA /* LaunchScreen.xib */; };
		F560E3CF1BD7514900B893DA /* FlickrViewerTests.swift in Sources */ = {isa = PBXBuildFile; fileRef = F560E3CE1BD7514900B893DA /* FlickrViewerTests.swift */; };
		F560E3D91BD7519000B893DA /* FlickrHelper.swift in Sources */ = {isa = PBXBuildFile; fileRef = F560E3D81BD7519000B893DA /* FlickrHelper.swift */; };
		F560E3DB1BD7532200B893DA /* FlickrPhoto.swift in Sources */ = {isa = PBXBuildFile; fileRef = F560E3DA1BD7532200B893DA /* FlickrPhoto.swift */; };
		F560E3DD1BD88E7300B893DA /* MyNavController.swift in Sources */ = {isa = PBXBuildFile; fileRef = F560E3DC1BD88E7300B893DA /* MyNavController.swift */; };
		F560E3DF1BD8908100B893DA /* ResultViewController.swift in Sources */ = {isa = PBXBuildFile; fileRef = F560E3DE1BD8908100B893DA /* ResultViewController.swift */; };
		F560E3E11BD8956F00B893DA /* ResultCollectionViewCell.swift in Sources */ = {isa = PBXBuildFile; fileRef = F560E3E01BD8956F00B893DA /* ResultCollectionViewCell.swift */; };
/* End PBXBuildFile section */

/* Begin PBXContainerItemProxy section */
		F560E3C91BD7514900B893DA /* PBXContainerItemProxy */ = {
			isa = PBXContainerItemProxy;
			containerPortal = F560E3A81BD7514900B893DA /* Project object */;
			proxyType = 1;
			remoteGlobalIDString = F560E3AF1BD7514900B893DA;
			remoteInfo = FlickrViewer;
		};
/* End PBXContainerItemProxy section */

/* Begin PBXFileReference section */
		F560E3B01BD7514900B893DA /* FlickrViewer.app */ = {isa = PBXFileReference; explicitFileType = wrapper.application; includeInIndex = 0; path = FlickrViewer.app; sourceTree = BUILT_PRODUCTS_DIR; };
		F560E3B41BD7514900B893DA /* Info.plist */ = {isa = PBXFileReference; lastKnownFileType = text.plist.xml; path = Info.plist; sourceTree = "<group>"; };
		F560E3B51BD7514900B893DA /* AppDelegate.swift */ = {isa = PBXFileReference; lastKnownFileType = sourcecode.swift; path = AppDelegate.swift; sourceTree = "<group>"; };
		F560E3B81BD7514900B893DA /* FlickrViewer.xcdatamodel */ = {isa = PBXFileReference; lastKnownFileType = wrapper.xcdatamodel; path = FlickrViewer.xcdatamodel; sourceTree = "<group>"; };
		F560E3BA1BD7514900B893DA /* ViewController.swift */ = {isa = PBXFileReference; lastKnownFileType = sourcecode.swift; path = ViewController.swift; sourceTree = "<group>"; };
		F560E3BD1BD7514900B893DA /* Base */ = {isa = PBXFileReference; lastKnownFileType = file.storyboard; name = Base; path = Base.lproj/Main.storyboard; sourceTree = "<group>"; };
		F560E3BF1BD7514900B893DA /* Images.xcassets */ = {isa = PBXFileReference; lastKnownFileType = folder.assetcatalog; path = Images.xcassets; sourceTree = "<group>"; };
		F560E3C21BD7514900B893DA /* Base */ = {isa = PBXFileReference; lastKnownFileType = file.xib; name = Base; path = Base.lproj/LaunchScreen.xib; sourceTree = "<group>"; };
		F560E3C81BD7514900B893DA /* FlickrViewerTests.xctest */ = {isa = PBXFileReference; explicitFileType = wrapper.cfbundle; includeInIndex = 0; path = FlickrViewerTests.xctest; sourceTree = BUILT_PRODUCTS_DIR; };
		F560E3CD1BD7514900B893DA /* Info.plist */ = {isa = PBXFileReference; lastKnownFileType = text.plist.xml; path = Info.plist; sourceTree = "<group>"; };
		F560E3CE1BD7514900B893DA /* FlickrViewerTests.swift */ = {isa = PBXFileReference; lastKnownFileType = sourcecode.swift; path = FlickrViewerTests.swift; sourceTree = "<group>"; };
		F560E3D81BD7519000B893DA /* FlickrHelper.swift */ = {isa = PBXFileReference; fileEncoding = 4; lastKnownFileType = sourcecode.swift; path = FlickrHelper.swift; sourceTree = "<group>"; };
		F560E3DA1BD7532200B893DA /* FlickrPhoto.swift */ = {isa = PBXFileReference; fileEncoding = 4; lastKnownFileType = sourcecode.swift; path = FlickrPhoto.swift; sourceTree = "<group>"; };
		F560E3DC1BD88E7300B893DA /* MyNavController.swift */ = {isa = PBXFileReference; fileEncoding = 4; lastKnownFileType = sourcecode.swift; path = MyNavController.swift; sourceTree = "<group>"; };
		F560E3DE1BD8908100B893DA /* ResultViewController.swift */ = {isa = PBXFileReference; fileEncoding = 4; lastKnownFileType = sourcecode.swift; path = ResultViewController.swift; sourceTree = "<group>"; };
		F560E3E01BD8956F00B893DA /* ResultCollectionViewCell.swift */ = {isa = PBXFileReference; fileEncoding = 4; lastKnownFileType = sourcecode.swift; path = ResultCollectionViewCell.swift; sourceTree = "<group>"; };
/* End PBXFileReference section */

/* Begin PBXFrameworksBuildPhase section */
		F560E3AD1BD7514900B893DA /* Frameworks */ = {
			isa = PBXFrameworksBuildPhase;
			buildActionMask = 2147483647;
			files = (
			);
			runOnlyForDeploymentPostprocessing = 0;
		};
		F560E3C51BD7514900B893DA /* Frameworks */ = {
			isa = PBXFrameworksBuildPhase;
			buildActionMask = 2147483647;
			files = (
			);
			runOnlyForDeploymentPostprocessing = 0;
		};
/* End PBXFrameworksBuildPhase section */

/* Begin PBXGroup section */
		F560E3A71BD7514900B893DA = {
			isa = PBXGroup;
			children = (
				F560E3B21BD7514900B893DA /* FlickrViewer */,
				F560E3CB1BD7514900B893DA /* FlickrViewerTests */,
				F560E3B11BD7514900B893DA /* Products */,
			);
			sourceTree = "<group>";
		};
		F560E3B11BD7514900B893DA /* Products */ = {
			isa = PBXGroup;
			children = (
				F560E3B01BD7514900B893DA /* FlickrViewer.app */,
				F560E3C81BD7514900B893DA /* FlickrViewerTests.xctest */,
			);
			name = Products;
			sourceTree = "<group>";
		};
		F560E3B21BD7514900B893DA /* FlickrViewer */ = {
			isa = PBXGroup;
			children = (
				F560E3B51BD7514900B893DA /* AppDelegate.swift */,
				F560E3BA1BD7514900B893DA /* ViewController.swift */,
				F560E3DC1BD88E7300B893DA /* MyNavController.swift */,
				F560E3DE1BD8908100B893DA /* ResultViewController.swift */,
				F560E3E01BD8956F00B893DA /* ResultCollectionViewCell.swift */,
				F560E3D81BD7519000B893DA /* FlickrHelper.swift */,
				F560E3DA1BD7532200B893DA /* FlickrPhoto.swift */,
				F560E3BC1BD7514900B893DA /* Main.storyboard */,
				F560E3BF1BD7514900B893DA /* Images.xcassets */,
				F560E3C11BD7514900B893DA /* LaunchScreen.xib */,
				F560E3B71BD7514900B893DA /* FlickrViewer.xcdatamodeld */,
				F560E3B31BD7514900B893DA /* Supporting Files */,
			);
			path = FlickrViewer;
			sourceTree = "<group>";
		};
		F560E3B31BD7514900B893DA /* Supporting Files */ = {
			isa = PBXGroup;
			children = (
				F560E3B41BD7514900B893DA /* Info.plist */,
			);
			name = "Supporting Files";
			sourceTree = "<group>";
		};
		F560E3CB1BD7514900B893DA /* FlickrViewerTests */ = {
			isa = PBXGroup;
			children = (
				F560E3CE1BD7514900B893DA /* FlickrViewerTests.swift */,
				F560E3CC1BD7514900B893DA /* Supporting Files */,
			);
			path = FlickrViewerTests;
			sourceTree = "<group>";
		};
		F560E3CC1BD7514900B893DA /* Supporting Files */ = {
			isa = PBXGroup;
			children = (
				F560E3CD1BD7514900B893DA /* Info.plist */,
			);
			name = "Supporting Files";
			sourceTree = "<group>";
		};
/* End PBXGroup section */

/* Begin PBXNativeTarget section */
		F560E3AF1BD7514900B893DA /* FlickrViewer */ = {
			isa = PBXNativeTarget;
			buildConfigurationList = F560E3D21BD7514900B893DA /* Build configuration list for PBXNativeTarget "FlickrViewer" */;
			buildPhases = (
				F560E3AC1BD7514900B893DA /* Sources */,
				F560E3AD1BD7514900B893DA /* Frameworks */,
				F560E3AE1BD7514900B893DA /* Resources */,
			);
			buildRules = (
			);
			dependencies = (
			);
			name = FlickrViewer;
			productName = FlickrViewer;
			productReference = F560E3B01BD7514900B893DA /* FlickrViewer.app */;
			productType = "com.apple.product-type.application";
		};
		F560E3C71BD7514900B893DA /* FlickrViewerTests */ = {
			isa = PBXNativeTarget;
			buildConfigurationList = F560E3D51BD7514900B893DA /* Build configuration list for PBXNativeTarget "FlickrViewerTests" */;
			buildPhases = (
				F560E3C41BD7514900B893DA /* Sources */,
				F560E3C51BD7514900B893DA /* Frameworks */,
				F560E3C61BD7514900B893DA /* Resources */,
			);
			buildRules = (
			);
			dependencies = (
				F560E3CA1BD7514900B893DA /* PBXTargetDependency */,
			);
			name = FlickrViewerTests;
			productName = FlickrViewerTests;
			productReference = F560E3C81BD7514900B893DA /* FlickrViewerTests.xctest */;
			productType = "com.apple.product-type.bundle.unit-test";
		};
/* End PBXNativeTarget section */

/* Begin PBXProject section */
		F560E3A81BD7514900B893DA /* Project object */ = {
			isa = PBXProject;
			attributes = {
				LastUpgradeCheck = 0640;
				ORGANIZATIONNAME = "Yuxiang Tang";
				TargetAttributes = {
					F560E3AF1BD7514900B893DA = {
						CreatedOnToolsVersion = 6.4;
					};
					F560E3C71BD7514900B893DA = {
						CreatedOnToolsVersion = 6.4;
						TestTargetID = F560E3AF1BD7514900B893DA;
					};
				};
			};
			buildConfigurationList = F560E3AB1BD7514900B893DA /* Build configuration list for PBXProject "FlickrViewer" */;
			compatibilityVersion = "Xcode 3.2";
			developmentRegion = English;
			hasScannedForEncodings = 0;
			knownRegions = (
				en,
				Base,
			);
			mainGroup = F560E3A71BD7514900B893DA;
			productRefGroup = F560E3B11BD7514900B893DA /* Products */;
			projectDirPath = "";
			projectRoot = "";
			targets = (
				F560E3AF1BD7514900B893DA /* FlickrViewer */,
				F560E3C71BD7514900B893DA /* FlickrViewerTests */,
			);
		};
/* End PBXProject section */

/* Begin PBXResourcesBuildPhase section */
		F560E3AE1BD7514900B893DA /* Resources */ = {
			isa = PBXResourcesBuildPhase;
			buildActionMask = 2147483647;
			files = (
				F560E3BE1BD7514900B893DA /* Main.storyboard in Resources */,
				F560E3C31BD7514900B893DA /* LaunchScreen.xib in Resources */,
				F560E3C01BD7514900B893DA /* Images.xcassets in Resources */,
			);
			runOnlyForDeploymentPostprocessing = 0;
		};
		F560E3C61BD7514900B893DA /* Resources */ = {
			isa = PBXResourcesBuildPhase;
			buildActionMask = 2147483647;
			files = (
			);
			runOnlyForDeploymentPostprocessing = 0;
		};
/* End PBXResourcesBuildPhase section */

/* Begin PBXSourcesBuildPhase section */
		F560E3AC1BD7514900B893DA /* Sources */ = {
			isa = PBXSourcesBuildPhase;
			buildActionMask = 2147483647;
			files = (
				F560E3D91BD7519000B893DA /* FlickrHelper.swift in Sources */,
				F560E3BB1BD7514900B893DA /* ViewController.swift in Sources */,
				F560E3DF1BD8908100B893DA /* ResultViewController.swift in Sources */,
				F560E3B91BD7514900B893DA /* FlickrViewer.xcdatamodeld in Sources */,
				F560E3DB1BD7532200B893DA /* FlickrPhoto.swift in Sources */,
				F560E3B61BD7514900B893DA /* AppDelegate.swift in Sources */,
				F560E3DD1BD88E7300B893DA /* MyNavController.swift in Sources */,
				F560E3E11BD8956F00B893DA /* ResultCollectionViewCell.swift in Sources */,
			);
			runOnlyForDeploymentPostprocessing = 0;
		};
		F560E3C41BD7514900B893DA /* Sources */ = {
			isa = PBXSourcesBuildPhase;
			buildActionMask = 2147483647;
			files = (
				F560E3CF1BD7514900B893DA /* FlickrViewerTests.swift in Sources */,
			);
			runOnlyForDeploymentPostprocessing = 0;
		};
/* End PBXSourcesBuildPhase section */

/* Begin PBXTargetDependency section */
		F560E3CA1BD7514900B893DA /* PBXTargetDependency */ = {
			isa = PBXTargetDependency;
			target = F560E3AF1BD7514900B893DA /* FlickrViewer */;
			targetProxy = F560E3C91BD7514900B893DA /* PBXContainerItemProxy */;
		};
/* End PBXTargetDependency section */

/* Begin PBXVariantGroup section */
		F560E3BC1BD7514900B893DA /* Main.storyboard */ = {
			isa = PBXVariantGroup;
			children = (
				F560E3BD1BD7514900B893DA /* Base */,
			);
			name = Main.storyboard;
			sourceTree = "<group>";
		};
		F560E3C11BD7514900B893DA /* LaunchScreen.xib */ = {
			isa = PBXVariantGroup;
			children = (
				F560E3C21BD7514900B893DA /* Base */,
			);
			name = LaunchScreen.xib;
			sourceTree = "<group>";
		};
/* End PBXVariantGroup section */

/* Begin XCBuildConfiguration section */
		F560E3D01BD7514900B893DA /* Debug */ = {
			isa = XCBuildConfiguration;
			buildSettings = {
				ALWAYS_SEARCH_USER_PATHS = NO;
				CLANG_CXX_LANGUAGE_STANDARD = "gnu++0x";
				CLANG_CXX_LIBRARY = "libc++";
				CLANG_ENABLE_MODULES = YES;
				CLANG_ENABLE_OBJC_ARC = YES;
				CLANG_WARN_BOOL_CONVERSION = YES;
				CLANG_WARN_CONSTANT_CONVERSION = YES;
				CLANG_WARN_DIRECT_OBJC_ISA_USAGE = YES_ERROR;
				CLANG_WARN_EMPTY_BODY = YES;
				CLANG_WARN_ENUM_CONVERSION = YES;
				CLANG_WARN_INT_CONVERSION = YES;
				CLANG_WARN_OBJC_ROOT_CLASS = YES_ERROR;
				CLANG_WARN_UNREACHABLE_CODE = YES;
				CLANG_WARN__DUPLICATE_METHOD_MATCH = YES;
				"CODE_SIGN_IDENTITY[sdk=iphoneos*]" = "iPhone Developer";
				COPY_PHASE_STRIP = NO;
				DEBUG_INFORMATION_FORMAT = "dwarf-with-dsym";
				ENABLE_STRICT_OBJC_MSGSEND = YES;
				GCC_C_LANGUAGE_STANDARD = gnu99;
				GCC_DYNAMIC_NO_PIC = NO;
				GCC_NO_COMMON_BLOCKS = YES;
				GCC_OPTIMIZATION_LEVEL = 0;
				GCC_PREPROCESSOR_DEFINITIONS = (
					"DEBUG=1",
					"$(inherited)",
				);
				GCC_SYMBOLS_PRIVATE_EXTERN = NO;
				GCC_WARN_64_TO_32_BIT_CONVERSION = YES;
				GCC_WARN_ABOUT_RETURN_TYPE = YES_ERROR;
				GCC_WARN_UNDECLARED_SELECTOR = YES;
				GCC_WARN_UNINITIALIZED_AUTOS = YES_AGGRESSIVE;
				GCC_WARN_UNUSED_FUNCTION = YES;
				GCC_WARN_UNUSED_VARIABLE = YES;
				IPHONEOS_DEPLOYMENT_TARGET = 8.4;
				MTL_ENABLE_DEBUG_INFO = YES;
				ONLY_ACTIVE_ARCH = YES;
				SDKROOT = iphoneos;
				SWIFT_OPTIMIZATION_LEVEL = "-Onone";
				TARGETED_DEVICE_FAMILY = "1,2";
			};
			name = Debug;
		};
		F560E3D11BD7514900B893DA /* Release */ = {
			isa = XCBuildConfiguration;
			buildSettings = {
				ALWAYS_SEARCH_USER_PATHS = NO;
				CLANG_CXX_LANGUAGE_STANDARD = "gnu++0x";
				CLANG_CXX_LIBRARY = "libc++";
				CLANG_ENABLE_MODULES = YES;
				CLANG_ENABLE_OBJC_ARC = YES;
				CLANG_WARN_BOOL_CONVERSION = YES;
				CLANG_WARN_CONSTANT_CONVERSION = YES;
				CLANG_WARN_DIRECT_OBJC_ISA_USAGE = YES_ERROR;
				CLANG_WARN_EMPTY_BODY = YES;
				CLANG_WARN_ENUM_CONVERSION = YES;
				CLANG_WARN_INT_CONVERSION = YES;
				CLANG_WARN_OBJC_ROOT_CLASS = YES_ERROR;
				CLANG_WARN_UNREACHABLE_CODE = YES;
				CLANG_WARN__DUPLICATE_METHOD_MATCH = YES;
				"CODE_SIGN_IDENTITY[sdk=iphoneos*]" = "iPhone Developer";
				COPY_PHASE_STRIP = NO;
				DEBUG_INFORMATION_FORMAT = "dwarf-with-dsym";
				ENABLE_NS_ASSERTIONS = NO;
				ENABLE_STRICT_OBJC_MSGSEND = YES;
				GCC_C_LANGUAGE_STANDARD = gnu99;
				GCC_NO_COMMON_BLOCKS = YES;
				GCC_WARN_64_TO_32_BIT_CONVERSION = YES;
				GCC_WARN_ABOUT_RETURN_TYPE = YES_ERROR;
				GCC_WARN_UNDECLARED_SELECTOR = YES;
				GCC_WARN_UNINITIALIZED_AUTOS = YES_AGGRESSIVE;
				GCC_WARN_UNUSED_FUNCTION = YES;
				GCC_WARN_UNUSED_VARIABLE = YES;
				IPHONEOS_DEPLOYMENT_TARGET = 8.4;
				MTL_ENABLE_DEBUG_INFO = NO;
				SDKROOT = iphoneos;
				TARGETED_DEVICE_FAMILY = "1,2";
				VALIDATE_PRODUCT = YES;
			};
			name = Release;
		};
		F560E3D31BD7514900B893DA /* Debug */ = {
			isa = XCBuildConfiguration;
			buildSettings = {
				ASSETCATALOG_COMPILER_APPICON_NAME = AppIcon;
				INFOPLIST_FILE = FlickrViewer/Info.plist;
				LD_RUNPATH_SEARCH_PATHS = "$(inherited) @executable_path/Frameworks";
				PRODUCT_NAME = "$(TARGET_NAME)";
			};
			name = Debug;
		};
		F560E3D41BD7514900B893DA /* Release */ = {
			isa = XCBuildConfiguration;
			buildSettings = {
				ASSETCATALOG_COMPILER_APPICON_NAME = AppIcon;
				INFOPLIST_FILE = FlickrViewer/Info.plist;
				LD_RUNPATH_SEARCH_PATHS = "$(inherited) @executable_path/Frameworks";
				PRODUCT_NAME = "$(TARGET_NAME)";
			};
			name = Release;
		};
		F560E3D61BD7514900B893DA /* Debug */ = {
			isa = XCBuildConfiguration;
			buildSettings = {
				BUNDLE_LOADER = "$(TEST_HOST)";
				FRAMEWORK_SEARCH_PATHS = (
					"$(SDKROOT)/Developer/Library/Frameworks",
					"$(inherited)",
				);
				GCC_PREPROCESSOR_DEFINITIONS = (
					"DEBUG=1",
					"$(inherited)",
				);
				INFOPLIST_FILE = FlickrViewerTests/Info.plist;
				LD_RUNPATH_SEARCH_PATHS = "$(inherited) @executable_path/Frameworks @loader_path/Frameworks";
				PRODUCT_NAME = "$(TARGET_NAME)";
				TEST_HOST = "$(BUILT_PRODUCTS_DIR)/FlickrViewer.app/FlickrViewer";
			};
			name = Debug;
		};
		F560E3D71BD7514900B893DA /* Release */ = {
			isa = XCBuildConfiguration;
			buildSettings = {
				BUNDLE_LOADER = "$(TEST_HOST)";
				FRAMEWORK_SEARCH_PATHS = (
					"$(SDKROOT)/Developer/Library/Frameworks",
					"$(inherited)",
				);
				INFOPLIST_FILE = FlickrViewerTests/Info.plist;
				LD_RUNPATH_SEARCH_PATHS = "$(inherited) @executable_path/Frameworks @loader_path/Frameworks";
				PRODUCT_NAME = "$(TARGET_NAME)";
				TEST_HOST = "$(BUILT_PRODUCTS_DIR)/FlickrViewer.app/FlickrViewer";
			};
			name = Release;
		};
/* End XCBuildConfiguration section */

/* Begin XCConfigurationList section */
		F560E3AB1BD7514900B893DA /* Build configuration list for PBXProject "FlickrViewer" */ = {
			isa = XCConfigurationList;
			buildConfigurations = (
				F560E3D01BD7514900B893DA /* Debug */,
				F560E3D11BD7514900B893DA /* Release */,
			);
			defaultConfigurationIsVisible = 0;
			defaultConfigurationName = Release;
		};
		F560E3D21BD7514900B893DA /* Build configuration list for PBXNativeTarget "FlickrViewer" */ = {
			isa = XCConfigurationList;
			buildConfigurations = (
				F560E3D31BD7514900B893DA /* Debug */,
				F560E3D41BD7514900B893DA /* Release */,
			);
			defaultConfigurationIsVisible = 0;
			defaultConfigurationName = Release;
		};
		F560E3D51BD7514900B893DA /* Build configuration list for PBXNativeTarget "FlickrViewerTests" */ = {
			isa = XCConfigurationList;
			buildConfigurations = (
				F560E3D61BD7514900B893DA /* Debug */,
				F560E3D71BD7514900B893DA /* Release */,
			);
			defaultConfigurationIsVisible = 0;
			defaultConfigurationName = Release;
		};
/* End XCConfigurationList section */

/* Begin XCVersionGroup section */
		F560E3B71BD7514900B893DA /* FlickrViewer.xcdatamodeld */ = {
			isa = XCVersionGroup;
			children = (
				F560E3B81BD7514900B893DA /* FlickrViewer.xcdatamodel */,
			);
			currentVersion = F560E3B81BD7514900B893DA /* FlickrViewer.xcdatamodel */;
			path = FlickrViewer.xcdatamodeld;
			sourceTree = "<group>";
			versionGroupType = wrapper.xcdatamodel;
		};
/* End XCVersionGroup section */
	};
	rootObject = F560E3A81BD7514900B893DA /* Project object */;
}
